# This file is automatically @generated by Cargo.
# It is not intended for manual editing.
[[package]]
name = "converter"
version = "0.1.0"
dependencies = [
 "dont_disappear",
]

[[package]]
name = "crossterm"
version = "0.5.5"
source = "registry+https://github.com/rust-lang/crates.io-index"
checksum = "2806a1083b240dd5796f5e3381de21fcf5f31c486bba5a8ab99a427b4e9bb4c9"
dependencies = [
 "crossterm_winapi",
 "libc",
 "termios",
 "winapi",
]

[[package]]
name = "crossterm_winapi"
version = "0.1.2"
source = "registry+https://github.com/rust-lang/crates.io-index"
checksum = "71dc52848cd3c5e06d5d0e193c0d64ce93b71502e124723a33bf615ef7089610"
dependencies = [
 "winapi",
]

[[package]]
name = "dont_disappear"
version = "3.0.0"
source = "registry+https://github.com/rust-lang/crates.io-index"
checksum = "cab3e554f60d91d80a3398f1befe50f264a7f27d93f325314f2e9bc483ecb986"
dependencies = [
 "crossterm",
]

[[package]]
name = "libc"
version = "0.2.54"
source = "registry+https://github.com/rust-lang/crates.io-index"
checksum = "c6785aa7dd976f5fbf3b71cfd9cd49d7f783c1ff565a858d71031c6c313aa5c6"

[[package]]
name = "termios"
version = "0.3.1"
source = "registry+https://github.com/rust-lang/crates.io-index"
checksum = "72b620c5ea021d75a735c943269bb07d30c9b77d6ac6b236bc8b5c496ef05625"
dependencies = [
 "libc",
]

[[package]]
name = "winapi"
version = "0.3.7"
source = "registry+https://github.com/rust-lang/crates.io-index"
checksum = "f10e386af2b13e47c89e7236a7a14a086791a2b88ebad6df9bf42040195cf770"
dependencies = [
 "winapi-i686-pc-windows-gnu",
 "winapi-x86_64-pc-windows-gnu",
]

[[package]]
name = "winapi-i686-pc-windows-gnu"
version = "0.4.0"
source = "registry+https://github.com/rust-lang/crates.io-index"
checksum = "ac3b87c63620426dd9b991e5ce0329eff545bccbbb34f3be09ff6fb6ab51b7b6"

[[package]]
name = "winapi-x86_64-pc-windows-gnu"
version = "0.4.0"
source = "registry+https://github.com/rust-lang/crates.io-index"
checksum = "712e227841d057c1ee1cd2fb22fa7e5a5461ae8e48fa2ca79ec42cfc1931183f"
